
Microsoft Visual Studio Solution File, Format Version 12.00
# Visual Studio Version 17
VisualStudioVersion = 17.14.36908.2
MinimumVisualStudioVersion = 10.0.40219.1
Project("{FAE04EC0-301F-11D3-BF4B-00C04F79EFBC}") = "backend_shopapp", "backend_shopapp\backend_shopapp.csproj", "{27AF8FEF-8306-4E0F-B38F-C568E666D6FD}"
EndProject
Global
	GlobalSection(SolutionConfigurationPlatforms) = preSolution
		Debug|Any CPU = Debug|Any CPU
		Release|Any CPU = Release|Any CPU
	EndGlobalSection
	GlobalSection(ProjectConfigurationPlatforms) = postSolution
		{27AF8FEF-8306-4E0F-B38F-C568E666D6FD}.Debug|Any CPU.ActiveCfg = Debug|Any CPU
		{27AF8FEF-8306-4E0F-B38F-C568E666D6FD}.Debug|Any CPU.Build.0 = Debug|Any CPU
		{27AF8FEF-8306-4E0F-B38F-C568E666D6FD}.Release|Any CPU.ActiveCfg = Release|Any CPU
		{27AF8FEF-8306-4E0F-B38F-C568E666D6FD}.Release|Any CPU.Build.0 = Release|Any CPU
	EndGlobalSection
	GlobalSection(SolutionProperties) = preSolution
		HideSolutionNode = FALSE
	EndGlobalSection
	GlobalSection(ExtensibilityGlobals) = postSolution
		SolutionGuid = {7E44FB59-4004-49A4-A662-0BE03192E67B}
	EndGlobalSection
EndGlobal
